speakeasyVersion: 1.606.0
sources:
    Apideck-OAS:
        sourceNamespace: apideck-oas
        sourceRevisionDigest: sha256:390b869b35f76350131bc42c97e343bfb536e7d4d36b1e2f8c3379f0726fc635
        sourceBlobDigest: sha256:07a9aeb8981573d89e3387801270c5e220d9c2b23cae22a8acbc33d9c4ddb2e8
        tags:
            - latest
            - speakeasy-sdk-regen-1755168716
            - 10.20.8
targets:
    apideck:
        source: Apideck-OAS
        sourceNamespace: apideck-oas
        sourceRevisionDigest: sha256:390b869b35f76350131bc42c97e343bfb536e7d4d36b1e2f8c3379f0726fc635
        sourceBlobDigest: sha256:07a9aeb8981573d89e3387801270c5e220d9c2b23cae22a8acbc33d9c4ddb2e8
        codeSamplesNamespace: apideck-oas-typescript-code-samples
        codeSamplesRevisionDigest: sha256:ce7ab857275e88525c01d364681fee087182abdc760c7841b96fe49d205f0264
workflow:
    workflowVersion: 1.0.0
    speakeasyVersion: latest
    sources:
        Apideck-OAS:
            inputs:
                - location: https://ci-spec-unify.s3.eu-central-1.amazonaws.com/speakeasy-spec.yml
            registry:
                location: registry.speakeasyapi.dev/apideck-k2o/apideck/apideck-oas
        Apideck-Sample-Docs:
            inputs:
                - location: https://ci-spec-unify.s3.eu-central-1.amazonaws.com/speakeasy-spec.yml
            overlays:
                - location: registry.speakeasyapi.dev/apideck-k2o/apideck/apideck-oas-typescript-code-samples
                - location: registry.speakeasyapi.dev/apideck-k2o/apideck/apideck-csharp-code-samples
                - location: registry.speakeasyapi.dev/apideck-k2o/apideck/apideck-go-code-samples
                - location: registry.speakeasyapi.dev/apideck-k2o/apideck/apideck-oas-java-code-samples
                - location: registry.speakeasyapi.dev/apideck-k2o/apideck/apideck-python-code-samples
                - location: registry.speakeasyapi.dev/apideck-k2o/apideck/apideck-php-code-samples
            registry:
                location: registry.speakeasyapi.dev/apideck-k2o/apideck/apideck-oas-with-code-samples
    targets:
        apideck:
            target: typescript
            source: Apideck-OAS
            publish:
                npm:
                    token: $npm_token
            codeSamples:
                registry:
                    location: registry.speakeasyapi.dev/apideck-k2o/apideck/apideck-oas-typescript-code-samples
                blocking: false
            testing:
                enabled: true
