speakeasyVersion: 1.584.0
sources:
    Apideck-OAS:
        sourceNamespace: apideck-oas
        sourceRevisionDigest: sha256:7a7ae3bff27b9ff422b9dc2ba359bc8569ea51e110a0f0eefd40f748920a61ae
        sourceBlobDigest: sha256:2b307033426c7950370ce48f11f7d1ae47e383eed86eeb558a8b548c9354a9d5
        tags:
            - latest
            - speakeasy-sdk-regen-1753169486
            - 10.18.4
targets:
    apideck:
        source: Apideck-OAS
        sourceNamespace: apideck-oas
        sourceRevisionDigest: sha256:7a7ae3bff27b9ff422b9dc2ba359bc8569ea51e110a0f0eefd40f748920a61ae
        sourceBlobDigest: sha256:2b307033426c7950370ce48f11f7d1ae47e383eed86eeb558a8b548c9354a9d5
        codeSamplesNamespace: apideck-oas-typescript-code-samples
        codeSamplesRevisionDigest: sha256:55b2e46a216672ae0f213b4b5cd7072bd7426d562078df79172d2225b3d9a7b6
workflow:
    workflowVersion: 1.0.0
    speakeasyVersion: latest
    sources:
        Apideck-OAS:
            inputs:
                - location: https://ci-spec-unify.s3.eu-central-1.amazonaws.com/speakeasy-spec.yml
            registry:
                location: registry.speakeasyapi.dev/apideck-k2o/apideck/apideck-oas
        Apideck-Sample-Docs:
            inputs:
                - location: https://ci-spec-unify.s3.eu-central-1.amazonaws.com/speakeasy-spec.yml
            overlays:
                - location: registry.speakeasyapi.dev/apideck-k2o/apideck/apideck-oas-typescript-code-samples
                - location: registry.speakeasyapi.dev/apideck-k2o/apideck/apideck-csharp-code-samples
                - location: registry.speakeasyapi.dev/apideck-k2o/apideck/apideck-go-code-samples
                - location: registry.speakeasyapi.dev/apideck-k2o/apideck/apideck-oas-java-code-samples
                - location: registry.speakeasyapi.dev/apideck-k2o/apideck/apideck-python-code-samples
                - location: registry.speakeasyapi.dev/apideck-k2o/apideck/apideck-php-code-samples
            registry:
                location: registry.speakeasyapi.dev/apideck-k2o/apideck/apideck-oas-with-code-samples
    targets:
        apideck:
            target: typescript
            source: Apideck-OAS
            publish:
                npm:
                    token: $npm_token
            codeSamples:
                registry:
                    location: registry.speakeasyapi.dev/apideck-k2o/apideck/apideck-oas-typescript-code-samples
                blocking: false
            testing:
                enabled: true
