speakeasyVersion: 1.605.0
sources:
    Apideck-OAS:
        sourceNamespace: apideck-oas
        sourceRevisionDigest: sha256:b67a3e64e7a9bb693fde7e1515a190da8cc63907e558f20af339853d5422660e
        sourceBlobDigest: sha256:768d38534050db456f5a504a61839eb63b9701d1041a12428b146d21ee9c98ad
        tags:
            - latest
            - speakeasy-sdk-regen-1755168716
            - 10.20.6
targets:
    apideck:
        source: Apideck-OAS
        sourceNamespace: apideck-oas
        sourceRevisionDigest: sha256:b67a3e64e7a9bb693fde7e1515a190da8cc63907e558f20af339853d5422660e
        sourceBlobDigest: sha256:768d38534050db456f5a504a61839eb63b9701d1041a12428b146d21ee9c98ad
        codeSamplesNamespace: apideck-oas-typescript-code-samples
        codeSamplesRevisionDigest: sha256:bfced83028a8071deada8359132b5b987ad70100440cc0bd32af620981f47fc8
workflow:
    workflowVersion: 1.0.0
    speakeasyVersion: latest
    sources:
        Apideck-OAS:
            inputs:
                - location: https://ci-spec-unify.s3.eu-central-1.amazonaws.com/speakeasy-spec.yml
            registry:
                location: registry.speakeasyapi.dev/apideck-k2o/apideck/apideck-oas
        Apideck-Sample-Docs:
            inputs:
                - location: https://ci-spec-unify.s3.eu-central-1.amazonaws.com/speakeasy-spec.yml
            overlays:
                - location: registry.speakeasyapi.dev/apideck-k2o/apideck/apideck-oas-typescript-code-samples
                - location: registry.speakeasyapi.dev/apideck-k2o/apideck/apideck-csharp-code-samples
                - location: registry.speakeasyapi.dev/apideck-k2o/apideck/apideck-go-code-samples
                - location: registry.speakeasyapi.dev/apideck-k2o/apideck/apideck-oas-java-code-samples
                - location: registry.speakeasyapi.dev/apideck-k2o/apideck/apideck-python-code-samples
                - location: registry.speakeasyapi.dev/apideck-k2o/apideck/apideck-php-code-samples
            registry:
                location: registry.speakeasyapi.dev/apideck-k2o/apideck/apideck-oas-with-code-samples
    targets:
        apideck:
            target: typescript
            source: Apideck-OAS
            publish:
                npm:
                    token: $npm_token
            codeSamples:
                registry:
                    location: registry.speakeasyapi.dev/apideck-k2o/apideck/apideck-oas-typescript-code-samples
                blocking: false
            testing:
                enabled: true
